{
  "name": "ddbot.js-0374",
  "version": "3.2.8",
  "lockfileVersion": 3,
  "requires": true,
  "packages": {
    "": {
      "name": "ddbot.js-0374",
      "version": "3.2.8",
      "license": "MIT",
      "dependencies": {
        "teeworlds": "^2.5.11"
      }
    },
    "node_modules/teeworlds": {
      "version": "2.5.11",
      "resolved": "https://registry.npmjs.org/teeworlds/-/teeworlds-2.5.11.tgz",
      "integrity": "sha512-qL5CVqhuRHYlW0MNk9jFgU+V7lZqPCbrFc02mIhngvD1CkAcxO5cBlMTEg9bqCRFwtGUcQoRCxaYF6y8blPTJA==",
      "license": "MIT"
    }
  }
}
